
Microsoft Visual Studio Solution File, Format Version 12.00
# Visual Studio 15
VisualStudioVersion = 15.0.26730.15
MinimumVisualStudioVersion = 10.0.40219.1
Project("{FAE04EC0-301F-11D3-BF4B-00C04F79EFBC}") = "Evernote.Web", "Evernote.Web\Evernote.Web.csproj", "{82463ABF-89D3-4076-868A-04C09E88D9CF}"
EndProject
Project("{FAE04EC0-301F-11D3-BF4B-00C04F79EFBC}") = "Evernote.BusinessLayer", "Evernote.BusinessLayer\Evernote.BusinessLayer.csproj", "{70340977-1A2C-4D27-93DD-A90032283552}"
EndProject
Project("{FAE04EC0-301F-11D3-BF4B-00C04F79EFBC}") = "Evernote.DataAccessLayer", "Evernote.DataAccessLayer\Evernote.DataAccessLayer.csproj", "{29323A9A-A63B-4B17-8143-58344BC79CDD}"
EndProject
Project("{FAE04EC0-301F-11D3-BF4B-00C04F79EFBC}") = "Evernote.Entities", "Evernote.Entities\Evernote.Entities.csproj", "{8DE1E855-1973-4EB5-BD17-783DCAAAFF64}"
EndProject
Global
	GlobalSection(SolutionConfigurationPlatforms) = preSolution
		Debug|Any CPU = Debug|Any CPU
		Release|Any CPU = Release|Any CPU
	EndGlobalSection
	GlobalSection(ProjectConfigurationPlatforms) = postSolution
		{82463ABF-89D3-4076-868A-04C09E88D9CF}.Debug|Any CPU.ActiveCfg = Debug|Any CPU
		{82463ABF-89D3-4076-868A-04C09E88D9CF}.Debug|Any CPU.Build.0 = Debug|Any CPU
		{82463ABF-89D3-4076-868A-04C09E88D9CF}.Release|Any CPU.ActiveCfg = Release|Any CPU
		{82463ABF-89D3-4076-868A-04C09E88D9CF}.Release|Any CPU.Build.0 = Release|Any CPU
		{70340977-1A2C-4D27-93DD-A90032283552}.Debug|Any CPU.ActiveCfg = Debug|Any CPU
		{70340977-1A2C-4D27-93DD-A90032283552}.Debug|Any CPU.Build.0 = Debug|Any CPU
		{70340977-1A2C-4D27-93DD-A90032283552}.Release|Any CPU.ActiveCfg = Release|Any CPU
		{70340977-1A2C-4D27-93DD-A90032283552}.Release|Any CPU.Build.0 = Release|Any CPU
		{29323A9A-A63B-4B17-8143-58344BC79CDD}.Debug|Any CPU.ActiveCfg = Debug|Any CPU
		{29323A9A-A63B-4B17-8143-58344BC79CDD}.Debug|Any CPU.Build.0 = Debug|Any CPU
		{29323A9A-A63B-4B17-8143-58344BC79CDD}.Release|Any CPU.ActiveCfg = Release|Any CPU
		{29323A9A-A63B-4B17-8143-58344BC79CDD}.Release|Any CPU.Build.0 = Release|Any CPU
		{8DE1E855-1973-4EB5-BD17-783DCAAAFF64}.Debug|Any CPU.ActiveCfg = Debug|Any CPU
		{8DE1E855-1973-4EB5-BD17-783DCAAAFF64}.Debug|Any CPU.Build.0 = Debug|Any CPU
		{8DE1E855-1973-4EB5-BD17-783DCAAAFF64}.Release|Any CPU.ActiveCfg = Release|Any CPU
		{8DE1E855-1973-4EB5-BD17-783DCAAAFF64}.Release|Any CPU.Build.0 = Release|Any CPU
	EndGlobalSection
	GlobalSection(SolutionProperties) = preSolution
		HideSolutionNode = FALSE
	EndGlobalSection
	GlobalSection(ExtensibilityGlobals) = postSolution
		SolutionGuid = {BAA0971F-4BF6-47D8-AECC-883DA69D14D6}
	EndGlobalSection
EndGlobal
